
Microsoft Visual Studio Solution File, Format Version 12.00
# Visual Studio Express 2013 for Windows Desktop
VisualStudioVersion = 12.0.31101.0
MinimumVisualStudioVersion = 10.0.40219.1
Project("{FAE04EC0-301F-11D3-BF4B-00C04F79EFBC}") = "kvitto", "kvitto\kvitto.csproj", "{52CCBBFA-58F2-4593-BF86-E5FF3E66D5E1}"
EndProject
Project("{2150E333-8FDC-42A3-9474-1A3956D46DE8}") = "Solution Items", "Solution Items", "{F9B60494-0D68-426F-AFE6-EB443D9C4846}"
	ProjectSection(SolutionItems) = preProject
		dump.txt = dump.txt
		mall.txt = mall.txt
	EndProjectSection
EndProject
Global
	GlobalSection(SolutionConfigurationPlatforms) = preSolution
		Debug|Any CPU = Debug|Any CPU
		Release|Any CPU = Release|Any CPU
	EndGlobalSection
	GlobalSection(ProjectConfigurationPlatforms) = postSolution
		{52CCBBFA-58F2-4593-BF86-E5FF3E66D5E1}.Debug|Any CPU.ActiveCfg = Debug|Any CPU
		{52CCBBFA-58F2-4593-BF86-E5FF3E66D5E1}.Debug|Any CPU.Build.0 = Debug|Any CPU
		{52CCBBFA-58F2-4593-BF86-E5FF3E66D5E1}.Release|Any CPU.ActiveCfg = Release|Any CPU
		{52CCBBFA-58F2-4593-BF86-E5FF3E66D5E1}.Release|Any CPU.Build.0 = Release|Any CPU
	EndGlobalSection
	GlobalSection(SolutionProperties) = preSolution
		HideSolutionNode = FALSE
	EndGlobalSection
EndGlobal
